
Microsoft Visual Studio Solution File, Format Version 12.00
# Visual Studio Version 16
VisualStudioVersion = 16.0.33027.164
MinimumVisualStudioVersion = 10.0.40219.1
Project("{FAE04EC0-301F-11D3-BF4B-00C04F79EFBC}") = "1", "1\1.csproj", "{981B5010-37C8-492E-A5BD-E6E7C08C298F}"
EndProject
Global
	GlobalSection(SolutionConfigurationPlatforms) = preSolution
		Debug|Any CPU = Debug|Any CPU
		Release|Any CPU = Release|Any CPU
	EndGlobalSection
	GlobalSection(ProjectConfigurationPlatforms) = postSolution
		{981B5010-37C8-492E-A5BD-E6E7C08C298F}.Debug|Any CPU.ActiveCfg = Debug|Any CPU
		{981B5010-37C8-492E-A5BD-E6E7C08C298F}.Debug|Any CPU.Build.0 = Debug|Any CPU
		{981B5010-37C8-492E-A5BD-E6E7C08C298F}.Release|Any CPU.ActiveCfg = Release|Any CPU
		{981B5010-37C8-492E-A5BD-E6E7C08C298F}.Release|Any CPU.Build.0 = Release|Any CPU
	EndGlobalSection
	GlobalSection(SolutionProperties) = preSolution
		HideSolutionNode = FALSE
	EndGlobalSection
	GlobalSection(ExtensibilityGlobals) = postSolution
		SolutionGuid = {683149B1-DDD4-439A-85CF-59AE0C6526F5}
	EndGlobalSection
EndGlobal
